lockfileVersion: '6.0'
settings:
  autoInstallPeers: true
root:
  child:
    child:
      child:
        child:
          child:
            child:
              child:
                child:
                  child:
                    child:
                      child:
                        child:
                          child:
                            child:
                              child:
                                child:
                                  child:
                                    child:
                                      child:
                                        child:
                                          child:
                                            child:
                                              child:
                                                child:
                                                  child:
                                                    child:
                                                      child:
                                                        child:
                                                          child:
                                                            child:
                                                              child:
                                                                child:
                                                                  child:
                                                                    child:
                                                                      child:
                                                                        child:
                                                                          child:
                                                                            child:
                                                                              child:
                                                                                child:
                                                                                  child:
                                                                                    child:
                                                                                      child:
                                                                                        child:
                                                                                          child:
                                                                                            child:
                                                                                              child:
                                                                                                child:
                                                                                                  child:
                                                                                                    child:
                                                                                                      child:
                                                                                                        child:
                                                                                                          child:
                                                                                                            child:
                                                                                                              child:
                                                                                                                child:
                                                                                                                  child:
                                                                                                                    child:
                                                                                                                      child:
                                                                                                                        child:
                                                                                                                          child:
                                                                                                                            child:
                                                                                                                              child:
                                                                                                                                child:
                                                                                                                                  child:
                                                                                                                                    child:
                                                                                                                                      child:
                                                                                                                                        child:
                                                                                                                                          child:
                                                                                                                                            child:
                                                                                                                                              child:
                                                                                                                                                child:
                                                                                                                                                  child:
                                                                                                                                                    child:
                                                                                                                                                      child:
                                                                                                                                                        child:
                                                                                                                                                          child:
                                                                                                                                                            child:
                                                                                                                                                              child:
                                                                                                                                                                child:
                                                                                                                                                                  child:
                                                                                                                                                                    child:
                                                                                                                                                                      child:
                                                                                                                                                                        child:
                                                                                                                                                                          child:
                                                                                                                                                                            child:
                                                                                                                                                                              child:
                                                                                                                                                                                child:
                                                                                                                                                                                  child:
                                                                                                                                                                                    child:
                                                                                                                                                                                      child:
                                                                                                                                                                                        child:
                                                                                                                                                                                          child:
                                                                                                                                                                                            child:
                                                                                                                                                                                              child:
                                                                                                                                                                                                child:
                                                                                                                                                                                                  child:
                                                                                                                                                                                                    child:
                                                                                                                                                                                                      child:
                                                                                                                                                                                                        child:
                                                                                                                                                                                                          leaf: 'yes'
